
Microsoft Visual Studio Solution File, Format Version 12.00
# Visual Studio 2012
Project("{FAE04EC0-301F-11D3-BF4B-00C04F79EFBC}") = "Sublettr.server", "Sublettr.server\Sublettr.server.csproj", "{238BE492-E099-4CC7-B17A-05837BB2CE6B}"
EndProject
Project("{FAE04EC0-301F-11D3-BF4B-00C04F79EFBC}") = "Sublettr.core", "Sublettr.core\Sublettr.core.csproj", "{924928CE-6582-4EDA-B3BC-1D96763AD83E}"
EndProject
Global
	GlobalSection(SolutionConfigurationPlatforms) = preSolution
		Debug|Any CPU = Debug|Any CPU
		Release|Any CPU = Release|Any CPU
	EndGlobalSection
	GlobalSection(ProjectConfigurationPlatforms) = postSolution
		{238BE492-E099-4CC7-B17A-05837BB2CE6B}.Debug|Any CPU.ActiveCfg = Debug|Any CPU
		{238BE492-E099-4CC7-B17A-05837BB2CE6B}.Debug|Any CPU.Build.0 = Debug|Any CPU
		{238BE492-E099-4CC7-B17A-05837BB2CE6B}.Release|Any CPU.ActiveCfg = Release|Any CPU
		{238BE492-E099-4CC7-B17A-05837BB2CE6B}.Release|Any CPU.Build.0 = Release|Any CPU
		{924928CE-6582-4EDA-B3BC-1D96763AD83E}.Debug|Any CPU.ActiveCfg = Debug|Any CPU
		{924928CE-6582-4EDA-B3BC-1D96763AD83E}.Debug|Any CPU.Build.0 = Debug|Any CPU
		{924928CE-6582-4EDA-B3BC-1D96763AD83E}.Release|Any CPU.ActiveCfg = Release|Any CPU
		{924928CE-6582-4EDA-B3BC-1D96763AD83E}.Release|Any CPU.Build.0 = Release|Any CPU
	EndGlobalSection
EndGlobal
