
Microsoft Visual Studio Solution File, Format Version 12.00
# Visual Studio 2012
Project("{FAE04EC0-301F-11D3-BF4B-00C04F79EFBC}") = "Sublettr.api", "Sublettr.api\Sublettr.api.csproj", "{2D35B5DE-7048-447E-9ABE-EDA4BBCF4C5C}"
EndProject
Project("{FAE04EC0-301F-11D3-BF4B-00C04F79EFBC}") = "Sublettr.server", "Sublettr.server\Sublettr.server.csproj", "{238BE492-E099-4CC7-B17A-05837BB2CE6B}"
EndProject
Project("{FAE04EC0-301F-11D3-BF4B-00C04F79EFBC}") = "Sublettr.library", "Sublettr.library\Sublettr.library.csproj", "{892F4967-D609-43F4-AD40-4919C5BD30B2}"
EndProject
Global
	GlobalSection(SolutionConfigurationPlatforms) = preSolution
		Debug|Any CPU = Debug|Any CPU
		Release|Any CPU = Release|Any CPU
	EndGlobalSection
	GlobalSection(ProjectConfigurationPlatforms) = postSolution
		{2D35B5DE-7048-447E-9ABE-EDA4BBCF4C5C}.Debug|Any CPU.ActiveCfg = Debug|Any CPU
		{2D35B5DE-7048-447E-9ABE-EDA4BBCF4C5C}.Debug|Any CPU.Build.0 = Debug|Any CPU
		{2D35B5DE-7048-447E-9ABE-EDA4BBCF4C5C}.Release|Any CPU.ActiveCfg = Release|Any CPU
		{2D35B5DE-7048-447E-9ABE-EDA4BBCF4C5C}.Release|Any CPU.Build.0 = Release|Any CPU
		{238BE492-E099-4CC7-B17A-05837BB2CE6B}.Debug|Any CPU.ActiveCfg = Debug|Any CPU
		{238BE492-E099-4CC7-B17A-05837BB2CE6B}.Debug|Any CPU.Build.0 = Debug|Any CPU
		{238BE492-E099-4CC7-B17A-05837BB2CE6B}.Release|Any CPU.ActiveCfg = Release|Any CPU
		{238BE492-E099-4CC7-B17A-05837BB2CE6B}.Release|Any CPU.Build.0 = Release|Any CPU
		{892F4967-D609-43F4-AD40-4919C5BD30B2}.Debug|Any CPU.ActiveCfg = Debug|Any CPU
		{892F4967-D609-43F4-AD40-4919C5BD30B2}.Debug|Any CPU.Build.0 = Debug|Any CPU
		{892F4967-D609-43F4-AD40-4919C5BD30B2}.Release|Any CPU.ActiveCfg = Release|Any CPU
		{892F4967-D609-43F4-AD40-4919C5BD30B2}.Release|Any CPU.Build.0 = Release|Any CPU
	EndGlobalSection
EndGlobal
